
Microsoft Visual Studio Solution File, Format Version 12.00
# Visual Studio Version 16
VisualStudioVersion = 16.0.30104.148
MinimumVisualStudioVersion = 10.0.40219.1
Project("{FAE04EC0-301F-11D3-BF4B-00C04F79EFBC}") = "ConsoleApp6", "ConsoleApp6\ConsoleApp6.csproj", "{D937E89A-2543-427E-BDA6-DF452B1327BF}"
EndProject
Global
	GlobalSection(SolutionConfigurationPlatforms) = preSolution
		Debug|Any CPU = Debug|Any CPU
		Release|Any CPU = Release|Any CPU
	EndGlobalSection
	GlobalSection(ProjectConfigurationPlatforms) = postSolution
		{D937E89A-2543-427E-BDA6-DF452B1327BF}.Debug|Any CPU.ActiveCfg = Debug|Any CPU
		{D937E89A-2543-427E-BDA6-DF452B1327BF}.Debug|Any CPU.Build.0 = Debug|Any CPU
		{D937E89A-2543-427E-BDA6-DF452B1327BF}.Release|Any CPU.ActiveCfg = Release|Any CPU
		{D937E89A-2543-427E-BDA6-DF452B1327BF}.Release|Any CPU.Build.0 = Release|Any CPU
	EndGlobalSection
	GlobalSection(SolutionProperties) = preSolution
		HideSolutionNode = FALSE
	EndGlobalSection
	GlobalSection(ExtensibilityGlobals) = postSolution
		SolutionGuid = {43716333-8052-440B-B60A-6D8BC22DA7CD}
	EndGlobalSection
EndGlobal
